
Microsoft Visual Studio Solution File, Format Version 12.00
# Visual Studio 15
VisualStudioVersion = 15.0.26730.16
MinimumVisualStudioVersion = 10.0.40219.1
Project("{FAE04EC0-301F-11D3-BF4B-00C04F79EFBC}") = "Customer_Database_final", "Customer_Database_final\Customer_Database_final.csproj", "{2D9FF805-33BC-4254-9E0A-64C04B3774C1}"
EndProject
Global
	GlobalSection(SolutionConfigurationPlatforms) = preSolution
		Debug|Any CPU = Debug|Any CPU
		Release|Any CPU = Release|Any CPU
	EndGlobalSection
	GlobalSection(ProjectConfigurationPlatforms) = postSolution
		{2D9FF805-33BC-4254-9E0A-64C04B3774C1}.Debug|Any CPU.ActiveCfg = Debug|Any CPU
		{2D9FF805-33BC-4254-9E0A-64C04B3774C1}.Debug|Any CPU.Build.0 = Debug|Any CPU
		{2D9FF805-33BC-4254-9E0A-64C04B3774C1}.Release|Any CPU.ActiveCfg = Release|Any CPU
		{2D9FF805-33BC-4254-9E0A-64C04B3774C1}.Release|Any CPU.Build.0 = Release|Any CPU
	EndGlobalSection
	GlobalSection(SolutionProperties) = preSolution
		HideSolutionNode = FALSE
	EndGlobalSection
	GlobalSection(ExtensibilityGlobals) = postSolution
		SolutionGuid = {4D3F135B-9EAE-4276-AADC-0A4162F89D9E}
	EndGlobalSection
EndGlobal
